version = 1
revision = 3
requires-python = ">=3.14"

[[package]]
name = "2026w-dight360"
version = "0.1.0"
source = { virtual = "." }
dependencies = [
    { name = "nltk" },
]

[package.metadata]
requires-dist = [{ name = "nltk", specifier = ">=3.9.2" }]

[[package]]
name = "click"
version = "8.3.1"
source = { registry = "https://pypi.org/simple" }
dependencies = [
    { name = "colorama", marker = "sys_platform == 'win32'" },
]
sdist = { url = "https://files.pythonhosted.org/packages/3d/fa/656b739db8587d7b5dfa22e22ed02566950fbfbcdc20311993483657a5c0/click-8.3.1.tar.gz", hash = "sha256:12ff4785d337a1bb490bb7e9c2b1ee5da3112e94a8622f26a6c77f5d2fc6842a", size = 295065, upload-time = "2025-11-15T20:45:42.706Z" }
wheels = [
    { url = "https://files.pythonhosted.org/packages/98/78/01c019cdb5d6498122777c1a43056ebb3ebfeef2076d9d026bfe15583b2b/click-8.3.1-py3-none-any.whl", hash = "sha256:981153a64e25f12d547d3426c367a4857371575ee7ad18df2a6183ab0545b2a6", size = 108274, upload-time = "2025-11-15T20:45:41.139Z" },
]

[[package]]
name = "colorama"
version = "0.4.6"
source = { registry = "https://pypi.org/simple" }
sdist = { url = "https://files.pythonhosted.org/packages/d8/53/6f443c9a4a8358a93a6792e2acffb9d9d5cb0a5cfd8802644b7b1c9a02e4/colorama-0.4.6.tar.gz", hash = "sha256:08695f5cb7ed6e0531a20572697297273c47b8cae5a63ffc6d6ed5c201be6e44", size = 27697, upload-time = "2022-10-25T02:36:22.414Z" }
wheels = [
    { url = "https://files.pythonhosted.org/packages/d1/d6/3965ed04c63042e047cb6a3e6ed1a63a35087b6a609aa3a15ed8ac56c221/colorama-0.4.6-py2.py3-none-any.whl", hash = "sha256:4f1d9991f5acc0ca119f9d443620b77f9d6b33703e51011c16baf57afb285fc6", size = 25335, upload-time = "2022-10-25T02:36:20.889Z" },
]

[[package]]
name = "joblib"
version = "1.5.3"
source = { registry = "https://pypi.org/simple" }
sdist = { url = "https://files.pythonhosted.org/packages/41/f2/d34e8b3a08a9cc79a50b2208a93dce981fe615b64d5a4d4abee421d898df/joblib-1.5.3.tar.gz", hash = "sha256:8561a3269e6801106863fd0d6d84bb737be9e7631e33aaed3fb9ce5953688da3", size = 331603, upload-time = "2025-12-15T08:41:46.427Z" }
wheels = [
    { url = "https://files.pythonhosted.org/packages/7b/91/984aca2ec129e2757d1e4e3c81c3fcda9d0f85b74670a094cc443d9ee949/joblib-1.5.3-py3-none-any.whl", hash = "sha256:5fc3c5039fc5ca8c0276333a188bbd59d6b7ab37fe6632daa76bc7f9ec18e713", size = 309071, upload-time = "2025-12-15T08:41:44.973Z" },
]

[[package]]
name = "nltk"
version = "3.9.2"
source = { registry = "https://pypi.org/simple" }
dependencies = [
    { name = "click" },
    { name = "joblib" },
    { name = "regex" },
    { name = "tqdm" },
]
sdist = { url = "https://files.pythonhosted.org/packages/f9/76/3a5e4312c19a028770f86fd7c058cf9f4ec4321c6cf7526bab998a5b683c/nltk-3.9.2.tar.gz", hash = "sha256:0f409e9b069ca4177c1903c3e843eef90c7e92992fa4931ae607da6de49e1419", size = 2887629, upload-time = "2025-10-01T07:19:23.764Z" }
wheels = [
    { url = "https://files.pythonhosted.org/packages/60/90/81ac364ef94209c100e12579629dc92bf7a709a84af32f8c551b02c07e94/nltk-3.9.2-py3-none-any.whl", hash = "sha256:1e209d2b3009110635ed9709a67a1a3e33a10f799490fa71cf4bec218c11c88a", size = 1513404, upload-time = "2025-10-01T07:19:21.648Z" },
]

[[package]]
name = "regex"
version = "2026.1.14"
source = { registry = "https://pypi.org/simple" }
sdist = { url = "https://files.pythonhosted.org/packages/ad/f2/638ef50852dc5741dc3bb3c7d4e773d637bc20232965ef8b6e7f6f7d4445/regex-2026.1.14.tar.gz", hash = "sha256:7bdd569b6226498001619751abe6ba3c9e3050f79cfe097e84f25b2856120e78", size = 414813, upload-time = "2026-01-14T17:53:31.244Z" }
wheels = [
    { url = "https://files.pythonhosted.org/packages/7d/90/64dcf099f3efde2115ceb0a2482064d2630532a8c2b40c95d01f4b886d68/regex-2026.1.14-cp314-cp314-macosx_10_13_universal2.whl", hash = "sha256:c07bbee79ceb399ae4c8294b154fccdf2eefc1e86b157338d93e9e46ed327cd4", size = 489164, upload-time = "2026-01-14T17:52:19.811Z" },
    { url = "https://files.pythonhosted.org/packages/57/33/11f82bcf6df1477211390d3c55d9a65bbdf0454101fe6f101bbf428ed72e/regex-2026.1.14-cp314-cp314-macosx_10_13_x86_64.whl", hash = "sha256:ef59c01b8eab361b3e5768f491a0a59c6fc3b862d34d08ec9b78ce7b3f9c5d11", size = 291147, upload-time = "2026-01-14T17:52:21.146Z" },
    { url = "https://files.pythonhosted.org/packages/dc/b4/33df4bc04af4a7abf5754da3a1d131e9384e59ca4431d85af9f5cf7e040d/regex-2026.1.14-cp314-cp314-macosx_11_0_arm64.whl", hash = "sha256:db72aebb3eede342088f6940aea3cc59f2bbf93295b8a7c7a98fa293b20accc9", size = 288981, upload-time = "2026-01-14T17:52:22.675Z" },
    { url = "https://files.pythonhosted.org/packages/72/fd/d89b1425b9b420877eec3588d1abec08948e836461a16e4748be64078cda/regex-2026.1.14-cp314-cp314-manylinux2014_aarch64.manylinux_2_17_aarch64.manylinux_2_28_aarch64.whl", hash = "sha256:23da4da4a156d613946f197ad85da2c3ce3269166909249206dbfc6a62e27d4b", size = 799097, upload-time = "2026-01-14T17:52:24.081Z" },
    { url = "https://files.pythonhosted.org/packages/04/f0/149b80499a12a9ef525656a780abca8383b9689687afb3eef8f16d62574c/regex-2026.1.14-cp314-cp314-manylinux2014_ppc64le.manylinux_2_17_ppc64le.manylinux_2_28_ppc64le.whl", hash = "sha256:c59aaa581c86d0003a805843399fdd859e3803ee3f6bf694a96ede726b60d26c", size = 864980, upload-time = "2026-01-14T17:52:25.847Z" },
    { url = "https://files.pythonhosted.org/packages/ce/bb/bec2a2ba7e0120915b02d46b68c265938a235657baaf7be79746e0a40583/regex-2026.1.14-cp314-cp314-manylinux2014_s390x.manylinux_2_17_s390x.manylinux_2_28_s390x.whl", hash = "sha256:4176e42a6b940b704b25d804afc799c4f2cf88c245e71c111d91c9259a5a08bd", size = 911606, upload-time = "2026-01-14T17:52:27.529Z" },
    { url = "https://files.pythonhosted.org/packages/c3/49/fcb59ec88bf188632877ea18eca43bed95c49fd049a3a16f943dc48ec225/regex-2026.1.14-cp314-cp314-manylinux2014_x86_64.manylinux_2_17_x86_64.manylinux_2_28_x86_64.whl", hash = "sha256:336662753d92ecc68a6e5d557d5648550927c3927bb18959a6c336c6d2309b95", size = 803356, upload-time = "2026-01-14T17:52:29.031Z" },
    { url = "https://files.pythonhosted.org/packages/04/a3/a4e1873b32c7b4e9839edbf86d2369bbbd5759581481bf095eb561186acd/regex-2026.1.14-cp314-cp314-musllinux_1_2_aarch64.whl", hash = "sha256:d3f2da65a0552a244319cd0079f7dcbd7b18358c05ca803757f123b5315f9e2b", size = 788042, upload-time = "2026-01-14T17:52:30.546Z" },
    { url = "https://files.pythonhosted.org/packages/05/b9/0f3fcb32b9ac5467f3a6634fc867bb008670eabebc5dbf91c76d0ee63d1d/regex-2026.1.14-cp314-cp314-musllinux_1_2_ppc64le.whl", hash = "sha256:ea9cb3230eb1791b74530fe59a9ad1e41282eee27cddf9f765cb216f1a35b491", size = 859373, upload-time = "2026-01-14T17:52:32.11Z" },
    { url = "https://files.pythonhosted.org/packages/1f/f4/f1f7602b5e9a60fdabebaf5b6796b460a4820fbe932993467ae6c12bd8ac/regex-2026.1.14-cp314-cp314-musllinux_1_2_s390x.whl", hash = "sha256:00a41d01546c09bfd972492f4f45515cba5cd8b15d129e6f43b5e9b6bf5cf5db", size = 850110, upload-time = "2026-01-14T17:52:34.615Z" },
    { url = "https://files.pythonhosted.org/packages/b5/e4/96e231d977a95fe493931ee10b60352d7b0f25fe733660dd4ce34d7669dd/regex-2026.1.14-cp314-cp314-musllinux_1_2_x86_64.whl", hash = "sha256:a16876c16759e2030cbc2444d72a773ba9fb11c58ddf1411bceac3015e85ad62", size = 789584, upload-time = "2026-01-14T17:52:36.667Z" },
    { url = "https://files.pythonhosted.org/packages/94/3d/0d1cb4b3f20be9767c83ddb8e2c7041d9919363ffc50578231305e6ab768/regex-2026.1.14-cp314-cp314-win32.whl", hash = "sha256:0283db18f918b1b6627e5b9d018ea6cc90d25980d9c6ce0d60de3ea83047947e", size = 271689, upload-time = "2026-01-14T17:52:38.155Z" },
    { url = "https://files.pythonhosted.org/packages/65/a0/7c153b77d72b873e520905fecdf61456f78bad8c4a0c063420c643f76f9c/regex-2026.1.14-cp314-cp314-win_amd64.whl", hash = "sha256:f1c997e66c992bfabfb08581e7739568ffb76d2ced4344ff81783961e71ac5ea", size = 280418, upload-time = "2026-01-14T17:52:39.716Z" },
    { url = "https://files.pythonhosted.org/packages/91/98/77408d72e1bc4040007479c4553097b81c084faf2b53ae3bd20f216cc601/regex-2026.1.14-cp314-cp314-win_arm64.whl", hash = "sha256:1d6c1deddd7bf9793f87293edaa28a7e23f753dbfb5b0cafaa724ee87b2f854d", size = 273466, upload-time = "2026-01-14T17:52:41.096Z" },
    { url = "https://files.pythonhosted.org/packages/11/fe/16f795a7d49970393f43c1593a59057d9f0037858cd9797ca2e6965031e6/regex-2026.1.14-cp314-cp314t-macosx_10_13_universal2.whl", hash = "sha256:2cccc1a0d1c07dc5e7f65f042f17a678aa431b27d2c1b33983cdb52daf4e49a5", size = 492068, upload-time = "2026-01-14T17:52:42.561Z" },
    { url = "https://files.pythonhosted.org/packages/b8/8d/297e5410c4aba87c0c5c7760e1ffa34f9d4bec0bd3b264073c5f6d251ab1/regex-2026.1.14-cp314-cp314t-macosx_10_13_x86_64.whl", hash = "sha256:c47239a9736f6082540f91f77dd634a7771eac1e8720bc35ef274d8ea0a72b90", size = 292752, upload-time = "2026-01-14T17:52:44.414Z" },
    { url = "https://files.pythonhosted.org/packages/5c/8d/d9efc9580631603255856b306e4a19c6c3b45491a793ce60a4de76118831/regex-2026.1.14-cp314-cp314t-macosx_11_0_arm64.whl", hash = "sha256:ac5dcb96ed037c692eb40b0c96bd5ba588f07fd898bd14e111c751a4bf195b21", size = 291118, upload-time = "2026-01-14T17:52:46.315Z" },
    { url = "https://files.pythonhosted.org/packages/ac/cd/89735cc17f41667bf1cb7fb341109eb19ada117ef0a8e8882a9396de68f0/regex-2026.1.14-cp314-cp314t-manylinux2014_aarch64.manylinux_2_17_aarch64.manylinux_2_28_aarch64.whl", hash = "sha256:98af87df5496a39a7f4fa619568a12e0b719af25e75ecbd968a671609fda3702", size = 807759, upload-time = "2026-01-14T17:52:47.771Z" },
    { url = "https://files.pythonhosted.org/packages/bf/2d/e5db572360c76b335d578a4bec6437b302e1f170722b1f0c79c7295ec169/regex-2026.1.14-cp314-cp314t-manylinux2014_ppc64le.manylinux_2_17_ppc64le.manylinux_2_28_ppc64le.whl", hash = "sha256:670d6865632ef2ad1ba0f326b4eb714107b71e3ea9a48a2564d407834273e2da", size = 873536, upload-time = "2026-01-14T17:52:49.695Z" },
    { url = "https://files.pythonhosted.org/packages/b3/a1/704748140afb90045c3d635cd1929e15b821627ef7a1b4ae22fe3c1cf18a/regex-2026.1.14-cp314-cp314t-manylinux2014_s390x.manylinux_2_17_s390x.manylinux_2_28_s390x.whl", hash = "sha256:aa783080add7cedbeb8c11e8c7e3efb9353b7c183701548fae70ec44b7b886cd", size = 915064, upload-time = "2026-01-14T17:52:51.199Z" },
    { url = "https://files.pythonhosted.org/packages/7c/5a/00699f1bcc8f5aaf9cae4b1f673c1a3ba5256ea2d4d53f8f21319976cd25/regex-2026.1.14-cp314-cp314t-manylinux2014_x86_64.manylinux_2_17_x86_64.manylinux_2_28_x86_64.whl", hash = "sha256:0aa76616ee8a1fdefa62f486324ba6fecc3059261779ebb1575a7b7ddf5fb7c9", size = 812937, upload-time = "2026-01-14T17:52:52.77Z" },
    { url = "https://files.pythonhosted.org/packages/b6/fd/c6742cb9ed24a8fe197603a6808e5641eaaa59c13a2ad8624d39d0405d82/regex-2026.1.14-cp314-cp314t-musllinux_1_2_aarch64.whl", hash = "sha256:6ff33c4e28c44de3e1877afaf55feb306093cb6cb8e49bf083cfd9bdb258e130", size = 795650, upload-time = "2026-01-14T17:52:54.717Z" },
    { url = "https://files.pythonhosted.org/packages/17/36/ccadcc5f1204529ca638c969659a9b56ef706f4eb908bbd7a9a7645793b8/regex-2026.1.14-cp314-cp314t-musllinux_1_2_ppc64le.whl", hash = "sha256:a39879c089bc84fd8ab6f02de458534e7ed8e7bf72091322ff0d8b9138f612c1", size = 868549, upload-time = "2026-01-14T17:52:56.309Z" },
    { url = "https://files.pythonhosted.org/packages/78/5e/a7b09f3031bbd0e1ab15d08277cac61193adfd62bb6d10e7ba4e69cee4e6/regex-2026.1.14-cp314-cp314t-musllinux_1_2_s390x.whl", hash = "sha256:cf0ce5cd5b0c011ec49ff51f85f5ba6ed46ecc5491fa60f803734b2e70dd32aa", size = 854779, upload-time = "2026-01-14T17:52:57.789Z" },
    { url = "https://files.pythonhosted.org/packages/de/ae/a70e39d97b9611628b1d9c3a709d24f1639bcbfa99277391864303a8cd61/regex-2026.1.14-cp314-cp314t-musllinux_1_2_x86_64.whl", hash = "sha256:a29ecdaa0f5dac290b17b61150d00646240b195dbe2950bf3de6360cf41c7cce", size = 799776, upload-time = "2026-01-14T17:52:59.344Z" },
    { url = "https://files.pythonhosted.org/packages/30/43/5789f3f398de60ce9fd743b014a7f37bac5659f2dcbdcceb093d2a8778ab/regex-2026.1.14-cp314-cp314t-win32.whl", hash = "sha256:f9874b7d8ce8f12553fff86a1b49311897a391af598d4f5d1d0f08bbf7430739", size = 274667, upload-time = "2026-01-14T17:53:00.923Z" },
    { url = "https://files.pythonhosted.org/packages/69/bf/76136bfd87fe40d840220c190dfc36114afa0e5338ffe5da2e55b238bc37/regex-2026.1.14-cp314-cp314t-win_amd64.whl", hash = "sha256:401795f2195562e87f382a477404b05e4662c365c300abdea79858719870377d", size = 284388, upload-time = "2026-01-14T17:53:02.432Z" },
    { url = "https://files.pythonhosted.org/packages/2a/80/4ffc8b077a3b5bcaa6be885e77c9d9732ee335218fc438509294120da649/regex-2026.1.14-cp314-cp314t-win_arm64.whl", hash = "sha256:3539f717f3cba7a12b8f575c86edd9ecc21bf387f3590d32d995320a397a7dcf", size = 274839, upload-time = "2026-01-14T17:53:03.827Z" },
]

[[package]]
name = "tqdm"
version = "4.67.1"
source = { registry = "https://pypi.org/simple" }
dependencies = [
    { name = "colorama", marker = "sys_platform == 'win32'" },
]
sdist = { url = "https://files.pythonhosted.org/packages/a8/4b/29b4ef32e036bb34e4ab51796dd745cdba7ed47ad142a9f4a1eb8e0c744d/tqdm-4.67.1.tar.gz", hash = "sha256:f8aef9c52c08c13a65f30ea34f4e5aac3fd1a34959879d7e59e63027286627f2", size = 169737, upload-time = "2024-11-24T20:12:22.481Z" }
wheels = [
    { url = "https://files.pythonhosted.org/packages/d0/30/dc54f88dd4a2b5dc8a0279bdd7270e735851848b762aeb1c1184ed1f6b14/tqdm-4.67.1-py3-none-any.whl", hash = "sha256:26445eca388f82e72884e0d580d5464cd801a3ea01e63e5601bdff9ba6a48de2", size = 78540, upload-time = "2024-11-24T20:12:19.698Z" },
]
